
Microsoft Visual Studio Solution File, Format Version 11.00
# Visual C# Express 2010
Project("{FAE04EC0-301F-11D3-BF4B-00C04F79EFBC}") = "WaveForms", "WaveForms\WaveForms.csproj", "{3FF1EC72-2697-4551-BD7C-204DE318D549}"
EndProject
Project("{FAE04EC0-301F-11D3-BF4B-00C04F79EFBC}") = "TestHarness", "TestHarness\TestHarness.csproj", "{C96C3CE4-CA67-42A3-9D93-9D471E50B57B}"
EndProject
Global
	GlobalSection(SolutionConfigurationPlatforms) = preSolution
		Debug|Any CPU = Debug|Any CPU
		Debug|Mixed Platforms = Debug|Mixed Platforms
		Debug|x86 = Debug|x86
		Release|Any CPU = Release|Any CPU
		Release|Mixed Platforms = Release|Mixed Platforms
		Release|x86 = Release|x86
	EndGlobalSection
	GlobalSection(ProjectConfigurationPlatforms) = postSolution
		{3FF1EC72-2697-4551-BD7C-204DE318D549}.Debug|Any CPU.ActiveCfg = Debug|Any CPU
		{3FF1EC72-2697-4551-BD7C-204DE318D549}.Debug|Any CPU.Build.0 = Debug|Any CPU
		{3FF1EC72-2697-4551-BD7C-204DE318D549}.Debug|Mixed Platforms.ActiveCfg = Debug|Any CPU
		{3FF1EC72-2697-4551-BD7C-204DE318D549}.Debug|Mixed Platforms.Build.0 = Debug|Any CPU
		{3FF1EC72-2697-4551-BD7C-204DE318D549}.Debug|x86.ActiveCfg = Debug|Any CPU
		{3FF1EC72-2697-4551-BD7C-204DE318D549}.Release|Any CPU.ActiveCfg = Release|Any CPU
		{3FF1EC72-2697-4551-BD7C-204DE318D549}.Release|Any CPU.Build.0 = Release|Any CPU
		{3FF1EC72-2697-4551-BD7C-204DE318D549}.Release|Mixed Platforms.ActiveCfg = Release|Any CPU
		{3FF1EC72-2697-4551-BD7C-204DE318D549}.Release|Mixed Platforms.Build.0 = Release|Any CPU
		{3FF1EC72-2697-4551-BD7C-204DE318D549}.Release|x86.ActiveCfg = Release|Any CPU
		{C96C3CE4-CA67-42A3-9D93-9D471E50B57B}.Debug|Any CPU.ActiveCfg = Debug|x86
		{C96C3CE4-CA67-42A3-9D93-9D471E50B57B}.Debug|Any CPU.Build.0 = Debug|x86
		{C96C3CE4-CA67-42A3-9D93-9D471E50B57B}.Debug|Mixed Platforms.ActiveCfg = Debug|x86
		{C96C3CE4-CA67-42A3-9D93-9D471E50B57B}.Debug|Mixed Platforms.Build.0 = Debug|x86
		{C96C3CE4-CA67-42A3-9D93-9D471E50B57B}.Debug|x86.ActiveCfg = Debug|x86
		{C96C3CE4-CA67-42A3-9D93-9D471E50B57B}.Debug|x86.Build.0 = Debug|x86
		{C96C3CE4-CA67-42A3-9D93-9D471E50B57B}.Release|Any CPU.ActiveCfg = Release|x86
		{C96C3CE4-CA67-42A3-9D93-9D471E50B57B}.Release|Any CPU.Build.0 = Release|x86
		{C96C3CE4-CA67-42A3-9D93-9D471E50B57B}.Release|Mixed Platforms.ActiveCfg = Release|x86
		{C96C3CE4-CA67-42A3-9D93-9D471E50B57B}.Release|Mixed Platforms.Build.0 = Release|x86
		{C96C3CE4-CA67-42A3-9D93-9D471E50B57B}.Release|x86.ActiveCfg = Release|x86
		{C96C3CE4-CA67-42A3-9D93-9D471E50B57B}.Release|x86.Build.0 = Release|x86
	EndGlobalSection
	GlobalSection(SolutionProperties) = preSolution
		HideSolutionNode = FALSE
	EndGlobalSection
EndGlobal
